
Microsoft Visual Studio Solution File, Format Version 12.00
# Visual Studio 14
VisualStudioVersion = 14.0.24720.0
MinimumVisualStudioVersion = 10.0.40219.1
Project("{8BC9CEB8-8B4A-11D0-8D11-00A0C91BC942}") = "jump-gyazo-win", "jump-gyazo-win\jump-gyazo-win.vcxproj", "{2375ED82-7085-454D-9C7B-198A94FFBC29}"
EndProject
Project("{8BC9CEB8-8B4A-11D0-8D11-00A0C91BC942}") = "libJump", "libJump\libJump.vcxproj", "{DA7B133C-EE32-4F89-A293-B9023CAA1808}"
EndProject
Project("{8BC9CEB8-8B4A-11D0-8D11-00A0C91BC942}") = "upload-jump-file", "upload-jump-file\upload-jump-file.vcxproj", "{C33897DA-C0A7-4F62-805E-B30F3FA059AE}"
EndProject
Global
	GlobalSection(SolutionConfigurationPlatforms) = preSolution
		Debug|x64 = Debug|x64
		Debug|x86 = Debug|x86
		Release|x64 = Release|x64
		Release|x86 = Release|x86
	EndGlobalSection
	GlobalSection(ProjectConfigurationPlatforms) = postSolution
		{2375ED82-7085-454D-9C7B-198A94FFBC29}.Debug|x64.ActiveCfg = Release|x64
		{2375ED82-7085-454D-9C7B-198A94FFBC29}.Debug|x64.Build.0 = Release|x64
		{2375ED82-7085-454D-9C7B-198A94FFBC29}.Debug|x86.ActiveCfg = Debug|Win32
		{2375ED82-7085-454D-9C7B-198A94FFBC29}.Debug|x86.Build.0 = Debug|Win32
		{2375ED82-7085-454D-9C7B-198A94FFBC29}.Release|x64.ActiveCfg = Release|x64
		{2375ED82-7085-454D-9C7B-198A94FFBC29}.Release|x64.Build.0 = Release|x64
		{2375ED82-7085-454D-9C7B-198A94FFBC29}.Release|x86.ActiveCfg = Release|Win32
		{2375ED82-7085-454D-9C7B-198A94FFBC29}.Release|x86.Build.0 = Release|Win32
		{DA7B133C-EE32-4F89-A293-B9023CAA1808}.Debug|x64.ActiveCfg = Debug|x64
		{DA7B133C-EE32-4F89-A293-B9023CAA1808}.Debug|x64.Build.0 = Debug|x64
		{DA7B133C-EE32-4F89-A293-B9023CAA1808}.Debug|x86.ActiveCfg = Debug|Win32
		{DA7B133C-EE32-4F89-A293-B9023CAA1808}.Debug|x86.Build.0 = Debug|Win32
		{DA7B133C-EE32-4F89-A293-B9023CAA1808}.Release|x64.ActiveCfg = Release|x64
		{DA7B133C-EE32-4F89-A293-B9023CAA1808}.Release|x64.Build.0 = Release|x64
		{DA7B133C-EE32-4F89-A293-B9023CAA1808}.Release|x86.ActiveCfg = Release|Win32
		{DA7B133C-EE32-4F89-A293-B9023CAA1808}.Release|x86.Build.0 = Release|Win32
		{C33897DA-C0A7-4F62-805E-B30F3FA059AE}.Debug|x64.ActiveCfg = Debug|x64
		{C33897DA-C0A7-4F62-805E-B30F3FA059AE}.Debug|x64.Build.0 = Debug|x64
		{C33897DA-C0A7-4F62-805E-B30F3FA059AE}.Debug|x86.ActiveCfg = Debug|Win32
		{C33897DA-C0A7-4F62-805E-B30F3FA059AE}.Debug|x86.Build.0 = Debug|Win32
		{C33897DA-C0A7-4F62-805E-B30F3FA059AE}.Release|x64.ActiveCfg = Release|x64
		{C33897DA-C0A7-4F62-805E-B30F3FA059AE}.Release|x64.Build.0 = Release|x64
		{C33897DA-C0A7-4F62-805E-B30F3FA059AE}.Release|x86.ActiveCfg = Release|Win32
		{C33897DA-C0A7-4F62-805E-B30F3FA059AE}.Release|x86.Build.0 = Release|Win32
	EndGlobalSection
	GlobalSection(SolutionProperties) = preSolution
		HideSolutionNode = FALSE
	EndGlobalSection
EndGlobal
